
Microsoft Visual Studio Solution File, Format Version 12.00
# Visual Studio Version 17
VisualStudioVersion = 17.4.33213.308
MinimumVisualStudioVersion = 10.0.40219.1
Project("{FAE04EC0-301F-11D3-BF4B-00C04F79EFBC}") = "CoreMvc3_App02_1", "CoreMvc3_App02_1\CoreMvc3_App02_1.csproj", "{BC355232-FF4E-4F77-9DB5-29E16103F600}"
EndProject
Global
	GlobalSection(SolutionConfigurationPlatforms) = preSolution
		Debug|Any CPU = Debug|Any CPU
		Release|Any CPU = Release|Any CPU
	EndGlobalSection
	GlobalSection(ProjectConfigurationPlatforms) = postSolution
		{BC355232-FF4E-4F77-9DB5-29E16103F600}.Debug|Any CPU.ActiveCfg = Debug|Any CPU
		{BC355232-FF4E-4F77-9DB5-29E16103F600}.Debug|Any CPU.Build.0 = Debug|Any CPU
		{BC355232-FF4E-4F77-9DB5-29E16103F600}.Release|Any CPU.ActiveCfg = Release|Any CPU
		{BC355232-FF4E-4F77-9DB5-29E16103F600}.Release|Any CPU.Build.0 = Release|Any CPU
	EndGlobalSection
	GlobalSection(SolutionProperties) = preSolution
		HideSolutionNode = FALSE
	EndGlobalSection
	GlobalSection(ExtensibilityGlobals) = postSolution
		SolutionGuid = {B55DD4F9-C1FA-4FBC-A0EB-715A45B5C8E7}
	EndGlobalSection
EndGlobal
