
Microsoft Visual Studio Solution File, Format Version 12.00
# Visual Studio Version 17
VisualStudioVersion = 17.3.32922.545
MinimumVisualStudioVersion = 10.0.40219.1
Project("{FAE04EC0-301F-11D3-BF4B-00C04F79EFBC}") = "HomeWork", "HomeWork\HomeWork.csproj", "{664DA90C-3FA6-47BD-8EB0-F9A688B125A4}"
EndProject
Global
	GlobalSection(SolutionConfigurationPlatforms) = preSolution
		Debug|Any CPU = Debug|Any CPU
		Release|Any CPU = Release|Any CPU
	EndGlobalSection
	GlobalSection(ProjectConfigurationPlatforms) = postSolution
		{664DA90C-3FA6-47BD-8EB0-F9A688B125A4}.Debug|Any CPU.ActiveCfg = Debug|Any CPU
		{664DA90C-3FA6-47BD-8EB0-F9A688B125A4}.Debug|Any CPU.Build.0 = Debug|Any CPU
		{664DA90C-3FA6-47BD-8EB0-F9A688B125A4}.Release|Any CPU.ActiveCfg = Release|Any CPU
		{664DA90C-3FA6-47BD-8EB0-F9A688B125A4}.Release|Any CPU.Build.0 = Release|Any CPU
	EndGlobalSection
	GlobalSection(SolutionProperties) = preSolution
		HideSolutionNode = FALSE
	EndGlobalSection
	GlobalSection(ExtensibilityGlobals) = postSolution
		SolutionGuid = {74510110-2C6C-4463-9CD7-2C0463066FE7}
	EndGlobalSection
EndGlobal
