
Microsoft Visual Studio Solution File, Format Version 12.00
# Visual Studio Version 17
VisualStudioVersion = 17.3.32922.545
MinimumVisualStudioVersion = 10.0.40219.1
Project("{FAE04EC0-301F-11D3-BF4B-00C04F79EFBC}") = "Lab10-1_Random", "Lab10-1_Random\Lab10-1_Random.csproj", "{BA6F2381-3B71-4435-8572-E24AD20A8F14}"
EndProject
Project("{FAE04EC0-301F-11D3-BF4B-00C04F79EFBC}") = "Lab10-2_Math", "Lab10-2_Math\Lab10-2_Math.csproj", "{5FF74C8D-7DDD-49FE-87DF-2A6F47548D4D}"
EndProject
Project("{FAE04EC0-301F-11D3-BF4B-00C04F79EFBC}") = "Lab11-1_Object", "Lab11-1_Object\Lab11-1_Object.csproj", "{319BF537-889A-411C-A006-BD9016A31FEA}"
EndProject
Project("{FAE04EC0-301F-11D3-BF4B-00C04F79EFBC}") = "Lab11-2_Class", "Lab11-2_Class\Lab11-2_Class.csproj", "{C070DEAC-CF26-4795-A347-9C99CE46E03D}"
EndProject
Global
	GlobalSection(SolutionConfigurationPlatforms) = preSolution
		Debug|Any CPU = Debug|Any CPU
		Release|Any CPU = Release|Any CPU
	EndGlobalSection
	GlobalSection(ProjectConfigurationPlatforms) = postSolution
		{BA6F2381-3B71-4435-8572-E24AD20A8F14}.Debug|Any CPU.ActiveCfg = Debug|Any CPU
		{BA6F2381-3B71-4435-8572-E24AD20A8F14}.Debug|Any CPU.Build.0 = Debug|Any CPU
		{BA6F2381-3B71-4435-8572-E24AD20A8F14}.Release|Any CPU.ActiveCfg = Release|Any CPU
		{BA6F2381-3B71-4435-8572-E24AD20A8F14}.Release|Any CPU.Build.0 = Release|Any CPU
		{5FF74C8D-7DDD-49FE-87DF-2A6F47548D4D}.Debug|Any CPU.ActiveCfg = Debug|Any CPU
		{5FF74C8D-7DDD-49FE-87DF-2A6F47548D4D}.Debug|Any CPU.Build.0 = Debug|Any CPU
		{5FF74C8D-7DDD-49FE-87DF-2A6F47548D4D}.Release|Any CPU.ActiveCfg = Release|Any CPU
		{5FF74C8D-7DDD-49FE-87DF-2A6F47548D4D}.Release|Any CPU.Build.0 = Release|Any CPU
		{319BF537-889A-411C-A006-BD9016A31FEA}.Debug|Any CPU.ActiveCfg = Debug|Any CPU
		{319BF537-889A-411C-A006-BD9016A31FEA}.Debug|Any CPU.Build.0 = Debug|Any CPU
		{319BF537-889A-411C-A006-BD9016A31FEA}.Release|Any CPU.ActiveCfg = Release|Any CPU
		{319BF537-889A-411C-A006-BD9016A31FEA}.Release|Any CPU.Build.0 = Release|Any CPU
		{C070DEAC-CF26-4795-A347-9C99CE46E03D}.Debug|Any CPU.ActiveCfg = Debug|Any CPU
		{C070DEAC-CF26-4795-A347-9C99CE46E03D}.Debug|Any CPU.Build.0 = Debug|Any CPU
		{C070DEAC-CF26-4795-A347-9C99CE46E03D}.Release|Any CPU.ActiveCfg = Release|Any CPU
		{C070DEAC-CF26-4795-A347-9C99CE46E03D}.Release|Any CPU.Build.0 = Release|Any CPU
	EndGlobalSection
	GlobalSection(SolutionProperties) = preSolution
		HideSolutionNode = FALSE
	EndGlobalSection
	GlobalSection(ExtensibilityGlobals) = postSolution
		SolutionGuid = {5D5BDF3E-3240-4E9B-AEA4-55B942434254}
	EndGlobalSection
EndGlobal
