
Microsoft Visual Studio Solution File, Format Version 12.00
# Visual Studio Version 17
VisualStudioVersion = 17.3.32922.545
MinimumVisualStudioVersion = 10.0.40219.1
Project("{FAE04EC0-301F-11D3-BF4B-00C04F79EFBC}") = "HomeWork", "HomeWork\HomeWork.csproj", "{7D75C17C-57B2-400E-8004-E7CDF6B986E9}"
EndProject
Project("{FAE04EC0-301F-11D3-BF4B-00C04F79EFBC}") = "HomeWork2", "HomeWork2\HomeWork2.csproj", "{CC66E119-ED67-4E33-B2EF-EB7E78A6A5A2}"
EndProject
Project("{FAE04EC0-301F-11D3-BF4B-00C04F79EFBC}") = "HomeWork3", "HomeWork3\HomeWork3.csproj", "{B13FBE35-A00B-4314-977A-ED9437C328AC}"
EndProject
Project("{FAE04EC0-301F-11D3-BF4B-00C04F79EFBC}") = "HomeWork4", "HomeWork4\HomeWork4.csproj", "{A8790A6F-617A-45DB-AE74-6140569F4C8C}"
EndProject
Project("{FAE04EC0-301F-11D3-BF4B-00C04F79EFBC}") = "HomeWork5", "HomeWork5\HomeWork5.csproj", "{16DF7C70-1B90-4A48-B67F-D9AB4B48CFCF}"
EndProject
Project("{FAE04EC0-301F-11D3-BF4B-00C04F79EFBC}") = "HomeWork6", "HomeWork6\HomeWork6.csproj", "{413FB58C-E2DE-40C3-9653-613FD3CDE65F}"
EndProject
Project("{FAE04EC0-301F-11D3-BF4B-00C04F79EFBC}") = "HomeWork7", "HomeWork7\HomeWork7.csproj", "{5214DDC8-77E9-4269-A679-9BB3620B5360}"
EndProject
Project("{FAE04EC0-301F-11D3-BF4B-00C04F79EFBC}") = "HomeWork8", "HomeWork8\HomeWork8.csproj", "{A72A200D-FBB6-4C61-B14C-35FE5B0EFC20}"
EndProject
Global
	GlobalSection(SolutionConfigurationPlatforms) = preSolution
		Debug|Any CPU = Debug|Any CPU
		Release|Any CPU = Release|Any CPU
	EndGlobalSection
	GlobalSection(ProjectConfigurationPlatforms) = postSolution
		{7D75C17C-57B2-400E-8004-E7CDF6B986E9}.Debug|Any CPU.ActiveCfg = Debug|Any CPU
		{7D75C17C-57B2-400E-8004-E7CDF6B986E9}.Debug|Any CPU.Build.0 = Debug|Any CPU
		{7D75C17C-57B2-400E-8004-E7CDF6B986E9}.Release|Any CPU.ActiveCfg = Release|Any CPU
		{7D75C17C-57B2-400E-8004-E7CDF6B986E9}.Release|Any CPU.Build.0 = Release|Any CPU
		{CC66E119-ED67-4E33-B2EF-EB7E78A6A5A2}.Debug|Any CPU.ActiveCfg = Debug|Any CPU
		{CC66E119-ED67-4E33-B2EF-EB7E78A6A5A2}.Debug|Any CPU.Build.0 = Debug|Any CPU
		{CC66E119-ED67-4E33-B2EF-EB7E78A6A5A2}.Release|Any CPU.ActiveCfg = Release|Any CPU
		{CC66E119-ED67-4E33-B2EF-EB7E78A6A5A2}.Release|Any CPU.Build.0 = Release|Any CPU
		{B13FBE35-A00B-4314-977A-ED9437C328AC}.Debug|Any CPU.ActiveCfg = Debug|Any CPU
		{B13FBE35-A00B-4314-977A-ED9437C328AC}.Debug|Any CPU.Build.0 = Debug|Any CPU
		{B13FBE35-A00B-4314-977A-ED9437C328AC}.Release|Any CPU.ActiveCfg = Release|Any CPU
		{B13FBE35-A00B-4314-977A-ED9437C328AC}.Release|Any CPU.Build.0 = Release|Any CPU
		{A8790A6F-617A-45DB-AE74-6140569F4C8C}.Debug|Any CPU.ActiveCfg = Debug|Any CPU
		{A8790A6F-617A-45DB-AE74-6140569F4C8C}.Debug|Any CPU.Build.0 = Debug|Any CPU
		{A8790A6F-617A-45DB-AE74-6140569F4C8C}.Release|Any CPU.ActiveCfg = Release|Any CPU
		{A8790A6F-617A-45DB-AE74-6140569F4C8C}.Release|Any CPU.Build.0 = Release|Any CPU
		{16DF7C70-1B90-4A48-B67F-D9AB4B48CFCF}.Debug|Any CPU.ActiveCfg = Debug|Any CPU
		{16DF7C70-1B90-4A48-B67F-D9AB4B48CFCF}.Debug|Any CPU.Build.0 = Debug|Any CPU
		{16DF7C70-1B90-4A48-B67F-D9AB4B48CFCF}.Release|Any CPU.ActiveCfg = Release|Any CPU
		{16DF7C70-1B90-4A48-B67F-D9AB4B48CFCF}.Release|Any CPU.Build.0 = Release|Any CPU
		{413FB58C-E2DE-40C3-9653-613FD3CDE65F}.Debug|Any CPU.ActiveCfg = Debug|Any CPU
		{413FB58C-E2DE-40C3-9653-613FD3CDE65F}.Debug|Any CPU.Build.0 = Debug|Any CPU
		{413FB58C-E2DE-40C3-9653-613FD3CDE65F}.Release|Any CPU.ActiveCfg = Release|Any CPU
		{413FB58C-E2DE-40C3-9653-613FD3CDE65F}.Release|Any CPU.Build.0 = Release|Any CPU
		{5214DDC8-77E9-4269-A679-9BB3620B5360}.Debug|Any CPU.ActiveCfg = Debug|Any CPU
		{5214DDC8-77E9-4269-A679-9BB3620B5360}.Debug|Any CPU.Build.0 = Debug|Any CPU
		{5214DDC8-77E9-4269-A679-9BB3620B5360}.Release|Any CPU.ActiveCfg = Release|Any CPU
		{5214DDC8-77E9-4269-A679-9BB3620B5360}.Release|Any CPU.Build.0 = Release|Any CPU
		{A72A200D-FBB6-4C61-B14C-35FE5B0EFC20}.Debug|Any CPU.ActiveCfg = Debug|Any CPU
		{A72A200D-FBB6-4C61-B14C-35FE5B0EFC20}.Debug|Any CPU.Build.0 = Debug|Any CPU
		{A72A200D-FBB6-4C61-B14C-35FE5B0EFC20}.Release|Any CPU.ActiveCfg = Release|Any CPU
		{A72A200D-FBB6-4C61-B14C-35FE5B0EFC20}.Release|Any CPU.Build.0 = Release|Any CPU
	EndGlobalSection
	GlobalSection(SolutionProperties) = preSolution
		HideSolutionNode = FALSE
	EndGlobalSection
	GlobalSection(ExtensibilityGlobals) = postSolution
		SolutionGuid = {A6F68058-200D-49A5-A9D6-5ED2BEB9BAB8}
	EndGlobalSection
EndGlobal
