
Microsoft Visual Studio Solution File, Format Version 12.00
# Visual Studio Version 17
VisualStudioVersion = 17.3.32922.545
MinimumVisualStudioVersion = 10.0.40219.1
Project("{FAE04EC0-301F-11D3-BF4B-00C04F79EFBC}") = "AndOperatorSample", "AndOperatorSample\AndOperatorSample.csproj", "{378EF1F4-7312-4243-89FF-49E80A631C9D}"
EndProject
Global
	GlobalSection(SolutionConfigurationPlatforms) = preSolution
		Debug|Any CPU = Debug|Any CPU
		Release|Any CPU = Release|Any CPU
	EndGlobalSection
	GlobalSection(ProjectConfigurationPlatforms) = postSolution
		{378EF1F4-7312-4243-89FF-49E80A631C9D}.Debug|Any CPU.ActiveCfg = Debug|Any CPU
		{378EF1F4-7312-4243-89FF-49E80A631C9D}.Debug|Any CPU.Build.0 = Debug|Any CPU
		{378EF1F4-7312-4243-89FF-49E80A631C9D}.Release|Any CPU.ActiveCfg = Release|Any CPU
		{378EF1F4-7312-4243-89FF-49E80A631C9D}.Release|Any CPU.Build.0 = Release|Any CPU
	EndGlobalSection
	GlobalSection(SolutionProperties) = preSolution
		HideSolutionNode = FALSE
	EndGlobalSection
	GlobalSection(ExtensibilityGlobals) = postSolution
		SolutionGuid = {80021727-F0AB-430D-BBA8-6E9027F6DC3E}
	EndGlobalSection
EndGlobal
