
Microsoft Visual Studio Solution File, Format Version 12.00
# Visual Studio Version 17
VisualStudioVersion = 17.3.32922.545
MinimumVisualStudioVersion = 10.0.40219.1
Project("{FAE04EC0-301F-11D3-BF4B-00C04F79EFBC}") = "MyFirstWinForm", "MyFirstWinForm\MyFirstWinForm.csproj", "{9F834272-7FAF-4AA9-9F1B-F1C4E8655EF6}"
EndProject
Project("{FAE04EC0-301F-11D3-BF4B-00C04F79EFBC}") = "SimpleCalculator01", "SimpleCalculator01\SimpleCalculator01.csproj", "{22089257-8E75-40C5-BDB2-ADA7F337A187}"
EndProject
Project("{FAE04EC0-301F-11D3-BF4B-00C04F79EFBC}") = "SimpleCalculator03", "SimpleCalculator03\SimpleCalculator03.csproj", "{EB66C989-20E4-41BD-8A64-94C7534693C0}"
EndProject
Global
	GlobalSection(SolutionConfigurationPlatforms) = preSolution
		Debug|Any CPU = Debug|Any CPU
		Release|Any CPU = Release|Any CPU
	EndGlobalSection
	GlobalSection(ProjectConfigurationPlatforms) = postSolution
		{9F834272-7FAF-4AA9-9F1B-F1C4E8655EF6}.Debug|Any CPU.ActiveCfg = Debug|Any CPU
		{9F834272-7FAF-4AA9-9F1B-F1C4E8655EF6}.Debug|Any CPU.Build.0 = Debug|Any CPU
		{9F834272-7FAF-4AA9-9F1B-F1C4E8655EF6}.Release|Any CPU.ActiveCfg = Release|Any CPU
		{9F834272-7FAF-4AA9-9F1B-F1C4E8655EF6}.Release|Any CPU.Build.0 = Release|Any CPU
		{22089257-8E75-40C5-BDB2-ADA7F337A187}.Debug|Any CPU.ActiveCfg = Debug|Any CPU
		{22089257-8E75-40C5-BDB2-ADA7F337A187}.Debug|Any CPU.Build.0 = Debug|Any CPU
		{22089257-8E75-40C5-BDB2-ADA7F337A187}.Release|Any CPU.ActiveCfg = Release|Any CPU
		{22089257-8E75-40C5-BDB2-ADA7F337A187}.Release|Any CPU.Build.0 = Release|Any CPU
		{EB66C989-20E4-41BD-8A64-94C7534693C0}.Debug|Any CPU.ActiveCfg = Debug|Any CPU
		{EB66C989-20E4-41BD-8A64-94C7534693C0}.Debug|Any CPU.Build.0 = Debug|Any CPU
		{EB66C989-20E4-41BD-8A64-94C7534693C0}.Release|Any CPU.ActiveCfg = Release|Any CPU
		{EB66C989-20E4-41BD-8A64-94C7534693C0}.Release|Any CPU.Build.0 = Release|Any CPU
	EndGlobalSection
	GlobalSection(SolutionProperties) = preSolution
		HideSolutionNode = FALSE
	EndGlobalSection
	GlobalSection(ExtensibilityGlobals) = postSolution
		SolutionGuid = {2BAFD8AF-3417-467B-AC05-9C4F2448A79C}
	EndGlobalSection
EndGlobal
