
Microsoft Visual Studio Solution File, Format Version 12.00
# Visual Studio Version 17
VisualStudioVersion = 17.3.32922.545
MinimumVisualStudioVersion = 10.0.40219.1
Project("{FAE04EC0-301F-11D3-BF4B-00C04F79EFBC}") = "FirstInheritSample001", "FirstInheritSample001\FirstInheritSample001.csproj", "{42152F58-0014-432A-B45B-A533C5A410B4}"
EndProject
Global
	GlobalSection(SolutionConfigurationPlatforms) = preSolution
		Debug|Any CPU = Debug|Any CPU
		Release|Any CPU = Release|Any CPU
	EndGlobalSection
	GlobalSection(ProjectConfigurationPlatforms) = postSolution
		{42152F58-0014-432A-B45B-A533C5A410B4}.Debug|Any CPU.ActiveCfg = Debug|Any CPU
		{42152F58-0014-432A-B45B-A533C5A410B4}.Debug|Any CPU.Build.0 = Debug|Any CPU
		{42152F58-0014-432A-B45B-A533C5A410B4}.Release|Any CPU.ActiveCfg = Release|Any CPU
		{42152F58-0014-432A-B45B-A533C5A410B4}.Release|Any CPU.Build.0 = Release|Any CPU
	EndGlobalSection
	GlobalSection(SolutionProperties) = preSolution
		HideSolutionNode = FALSE
	EndGlobalSection
	GlobalSection(ExtensibilityGlobals) = postSolution
		SolutionGuid = {DA37B7E2-1AF7-4F05-86CF-F8C3044B9E66}
	EndGlobalSection
EndGlobal
