
Microsoft Visual Studio Solution File, Format Version 12.00
# Visual Studio Version 17
VisualStudioVersion = 17.3.32922.545
MinimumVisualStudioVersion = 10.0.40219.1
Project("{FAE04EC0-301F-11D3-BF4B-00C04F79EFBC}") = "EqualitySample001", "EqualitySample001\EqualitySample001.csproj", "{33BCF190-5771-472C-83CD-E8D9A43DFE42}"
EndProject
Project("{FAE04EC0-301F-11D3-BF4B-00C04F79EFBC}") = "EqualitySample002", "EqualitySample002\EqualitySample002.csproj", "{30C2994F-2EA4-498E-811A-560B0F5FF18F}"
EndProject
Project("{FAE04EC0-301F-11D3-BF4B-00C04F79EFBC}") = "EqualitySample003", "EqualitySample003\EqualitySample003.csproj", "{5279DF9E-8AFF-4C70-8C75-190F2A223BC2}"
EndProject
Global
	GlobalSection(SolutionConfigurationPlatforms) = preSolution
		Debug|Any CPU = Debug|Any CPU
		Release|Any CPU = Release|Any CPU
	EndGlobalSection
	GlobalSection(ProjectConfigurationPlatforms) = postSolution
		{33BCF190-5771-472C-83CD-E8D9A43DFE42}.Debug|Any CPU.ActiveCfg = Debug|Any CPU
		{33BCF190-5771-472C-83CD-E8D9A43DFE42}.Debug|Any CPU.Build.0 = Debug|Any CPU
		{33BCF190-5771-472C-83CD-E8D9A43DFE42}.Release|Any CPU.ActiveCfg = Release|Any CPU
		{33BCF190-5771-472C-83CD-E8D9A43DFE42}.Release|Any CPU.Build.0 = Release|Any CPU
		{30C2994F-2EA4-498E-811A-560B0F5FF18F}.Debug|Any CPU.ActiveCfg = Debug|Any CPU
		{30C2994F-2EA4-498E-811A-560B0F5FF18F}.Debug|Any CPU.Build.0 = Debug|Any CPU
		{30C2994F-2EA4-498E-811A-560B0F5FF18F}.Release|Any CPU.ActiveCfg = Release|Any CPU
		{30C2994F-2EA4-498E-811A-560B0F5FF18F}.Release|Any CPU.Build.0 = Release|Any CPU
		{5279DF9E-8AFF-4C70-8C75-190F2A223BC2}.Debug|Any CPU.ActiveCfg = Debug|Any CPU
		{5279DF9E-8AFF-4C70-8C75-190F2A223BC2}.Debug|Any CPU.Build.0 = Debug|Any CPU
		{5279DF9E-8AFF-4C70-8C75-190F2A223BC2}.Release|Any CPU.ActiveCfg = Release|Any CPU
		{5279DF9E-8AFF-4C70-8C75-190F2A223BC2}.Release|Any CPU.Build.0 = Release|Any CPU
	EndGlobalSection
	GlobalSection(SolutionProperties) = preSolution
		HideSolutionNode = FALSE
	EndGlobalSection
	GlobalSection(ExtensibilityGlobals) = postSolution
		SolutionGuid = {DB240DB2-7678-4639-891E-82878645CB98}
	EndGlobalSection
EndGlobal
