
Microsoft Visual Studio Solution File, Format Version 12.00
# Visual Studio Version 17
VisualStudioVersion = 17.3.32922.545
MinimumVisualStudioVersion = 10.0.40219.1
Project("{FAE04EC0-301F-11D3-BF4B-00C04F79EFBC}") = "LinqSamples", "LinqSamples\LinqSamples.csproj", "{C2B917B5-7DDF-41C0-9590-3C7316920560}"
EndProject
Project("{FAE04EC0-301F-11D3-BF4B-00C04F79EFBC}") = "LinqSample002", "LinqSample002\LinqSample002.csproj", "{01510C75-BCB3-43D3-9D5A-CBA89B6FA2E4}"
EndProject
Project("{FAE04EC0-301F-11D3-BF4B-00C04F79EFBC}") = "LinqSample003", "LinqSample003\LinqSample003.csproj", "{50C7DAF2-E52E-4BA3-A16D-B5A1B7FD70AF}"
EndProject
Project("{FAE04EC0-301F-11D3-BF4B-00C04F79EFBC}") = "LinqSample004", "LinqSample004\LinqSample004.csproj", "{C63AE765-6885-4024-BDA3-F566773D6989}"
EndProject
Project("{FAE04EC0-301F-11D3-BF4B-00C04F79EFBC}") = "LinqSample005", "LinqSample005\LinqSample005.csproj", "{C662FF88-F857-419F-93A9-373294B98C78}"
EndProject
Project("{FAE04EC0-301F-11D3-BF4B-00C04F79EFBC}") = "LinqSample006", "LinqSample006\LinqSample006.csproj", "{F8EAA6D0-2897-4F26-B64C-FCAFA9D1F77D}"
EndProject
Project("{FAE04EC0-301F-11D3-BF4B-00C04F79EFBC}") = "LinqSample007", "LinqSample007\LinqSample007.csproj", "{42449CD6-2CFB-47A7-A020-A0CB5040A54F}"
EndProject
Project("{FAE04EC0-301F-11D3-BF4B-00C04F79EFBC}") = "LinqSample008", "LinqSample008\LinqSample008.csproj", "{006336AC-10B0-467A-80EE-1FA182263FE9}"
EndProject
Project("{FAE04EC0-301F-11D3-BF4B-00C04F79EFBC}") = "LinqSample009", "LinqSample009\LinqSample009.csproj", "{744E1BDF-BE95-4140-BE5B-801415EACF23}"
EndProject
Global
	GlobalSection(SolutionConfigurationPlatforms) = preSolution
		Debug|Any CPU = Debug|Any CPU
		Release|Any CPU = Release|Any CPU
	EndGlobalSection
	GlobalSection(ProjectConfigurationPlatforms) = postSolution
		{C2B917B5-7DDF-41C0-9590-3C7316920560}.Debug|Any CPU.ActiveCfg = Debug|Any CPU
		{C2B917B5-7DDF-41C0-9590-3C7316920560}.Debug|Any CPU.Build.0 = Debug|Any CPU
		{C2B917B5-7DDF-41C0-9590-3C7316920560}.Release|Any CPU.ActiveCfg = Release|Any CPU
		{C2B917B5-7DDF-41C0-9590-3C7316920560}.Release|Any CPU.Build.0 = Release|Any CPU
		{01510C75-BCB3-43D3-9D5A-CBA89B6FA2E4}.Debug|Any CPU.ActiveCfg = Debug|Any CPU
		{01510C75-BCB3-43D3-9D5A-CBA89B6FA2E4}.Debug|Any CPU.Build.0 = Debug|Any CPU
		{01510C75-BCB3-43D3-9D5A-CBA89B6FA2E4}.Release|Any CPU.ActiveCfg = Release|Any CPU
		{01510C75-BCB3-43D3-9D5A-CBA89B6FA2E4}.Release|Any CPU.Build.0 = Release|Any CPU
		{50C7DAF2-E52E-4BA3-A16D-B5A1B7FD70AF}.Debug|Any CPU.ActiveCfg = Debug|Any CPU
		{50C7DAF2-E52E-4BA3-A16D-B5A1B7FD70AF}.Debug|Any CPU.Build.0 = Debug|Any CPU
		{50C7DAF2-E52E-4BA3-A16D-B5A1B7FD70AF}.Release|Any CPU.ActiveCfg = Release|Any CPU
		{50C7DAF2-E52E-4BA3-A16D-B5A1B7FD70AF}.Release|Any CPU.Build.0 = Release|Any CPU
		{C63AE765-6885-4024-BDA3-F566773D6989}.Debug|Any CPU.ActiveCfg = Debug|Any CPU
		{C63AE765-6885-4024-BDA3-F566773D6989}.Debug|Any CPU.Build.0 = Debug|Any CPU
		{C63AE765-6885-4024-BDA3-F566773D6989}.Release|Any CPU.ActiveCfg = Release|Any CPU
		{C63AE765-6885-4024-BDA3-F566773D6989}.Release|Any CPU.Build.0 = Release|Any CPU
		{C662FF88-F857-419F-93A9-373294B98C78}.Debug|Any CPU.ActiveCfg = Debug|Any CPU
		{C662FF88-F857-419F-93A9-373294B98C78}.Debug|Any CPU.Build.0 = Debug|Any CPU
		{C662FF88-F857-419F-93A9-373294B98C78}.Release|Any CPU.ActiveCfg = Release|Any CPU
		{C662FF88-F857-419F-93A9-373294B98C78}.Release|Any CPU.Build.0 = Release|Any CPU
		{F8EAA6D0-2897-4F26-B64C-FCAFA9D1F77D}.Debug|Any CPU.ActiveCfg = Debug|Any CPU
		{F8EAA6D0-2897-4F26-B64C-FCAFA9D1F77D}.Debug|Any CPU.Build.0 = Debug|Any CPU
		{F8EAA6D0-2897-4F26-B64C-FCAFA9D1F77D}.Release|Any CPU.ActiveCfg = Release|Any CPU
		{F8EAA6D0-2897-4F26-B64C-FCAFA9D1F77D}.Release|Any CPU.Build.0 = Release|Any CPU
		{42449CD6-2CFB-47A7-A020-A0CB5040A54F}.Debug|Any CPU.ActiveCfg = Debug|Any CPU
		{42449CD6-2CFB-47A7-A020-A0CB5040A54F}.Debug|Any CPU.Build.0 = Debug|Any CPU
		{42449CD6-2CFB-47A7-A020-A0CB5040A54F}.Release|Any CPU.ActiveCfg = Release|Any CPU
		{42449CD6-2CFB-47A7-A020-A0CB5040A54F}.Release|Any CPU.Build.0 = Release|Any CPU
		{006336AC-10B0-467A-80EE-1FA182263FE9}.Debug|Any CPU.ActiveCfg = Debug|Any CPU
		{006336AC-10B0-467A-80EE-1FA182263FE9}.Debug|Any CPU.Build.0 = Debug|Any CPU
		{006336AC-10B0-467A-80EE-1FA182263FE9}.Release|Any CPU.ActiveCfg = Release|Any CPU
		{006336AC-10B0-467A-80EE-1FA182263FE9}.Release|Any CPU.Build.0 = Release|Any CPU
		{744E1BDF-BE95-4140-BE5B-801415EACF23}.Debug|Any CPU.ActiveCfg = Debug|Any CPU
		{744E1BDF-BE95-4140-BE5B-801415EACF23}.Debug|Any CPU.Build.0 = Debug|Any CPU
		{744E1BDF-BE95-4140-BE5B-801415EACF23}.Release|Any CPU.ActiveCfg = Release|Any CPU
		{744E1BDF-BE95-4140-BE5B-801415EACF23}.Release|Any CPU.Build.0 = Release|Any CPU
	EndGlobalSection
	GlobalSection(SolutionProperties) = preSolution
		HideSolutionNode = FALSE
	EndGlobalSection
	GlobalSection(ExtensibilityGlobals) = postSolution
		SolutionGuid = {DB327827-BD63-487B-B4C7-6ACBE90C7AFE}
	EndGlobalSection
EndGlobal
