
Microsoft Visual Studio Solution File, Format Version 12.00
# Visual Studio Version 17
VisualStudioVersion = 17.3.32922.545
MinimumVisualStudioVersion = 10.0.40219.1
Project("{FAE04EC0-301F-11D3-BF4B-00C04F79EFBC}") = "單字計算器", "單字計算器\單字計算器.csproj", "{DD2F18E5-7201-469C-BA04-14B8ACA27E40}"
EndProject
Project("{FAE04EC0-301F-11D3-BF4B-00C04F79EFBC}") = "找數字", "找數字\找數字.csproj", "{9207ED57-009B-4D49-BB54-63A21727B733}"
EndProject
Project("{FAE04EC0-301F-11D3-BF4B-00C04F79EFBC}") = "計算數字", "計算數字\計算數字.csproj", "{4161305C-41BA-40E2-A928-0266B041C879}"
EndProject
Project("{FAE04EC0-301F-11D3-BF4B-00C04F79EFBC}") = "數字排序問題", "數字排序問題\數字排序問題.csproj", "{00F84120-FE65-412E-B6FC-DA3059314FF7}"
EndProject
Project("{FAE04EC0-301F-11D3-BF4B-00C04F79EFBC}") = "練習", "練習\練習.csproj", "{2A4A3C3C-B6D7-44F3-8D1C-85398BE37A78}"
EndProject
Project("{FAE04EC0-301F-11D3-BF4B-00C04F79EFBC}") = "挑戰題 數字排序", "挑戰題 數字排序\挑戰題 數字排序.csproj", "{8597D8F5-4314-4B3A-9739-F17BBB17A7EF}"
EndProject
Project("{FAE04EC0-301F-11D3-BF4B-00C04F79EFBC}") = "計算數字-1", "計算數字-1\計算數字-1.csproj", "{4B0858C3-6996-4C49-AA8E-2FAA38B5A6DF}"
EndProject
Global
	GlobalSection(SolutionConfigurationPlatforms) = preSolution
		Debug|Any CPU = Debug|Any CPU
		Release|Any CPU = Release|Any CPU
	EndGlobalSection
	GlobalSection(ProjectConfigurationPlatforms) = postSolution
		{DD2F18E5-7201-469C-BA04-14B8ACA27E40}.Debug|Any CPU.ActiveCfg = Debug|Any CPU
		{DD2F18E5-7201-469C-BA04-14B8ACA27E40}.Debug|Any CPU.Build.0 = Debug|Any CPU
		{DD2F18E5-7201-469C-BA04-14B8ACA27E40}.Release|Any CPU.ActiveCfg = Release|Any CPU
		{DD2F18E5-7201-469C-BA04-14B8ACA27E40}.Release|Any CPU.Build.0 = Release|Any CPU
		{9207ED57-009B-4D49-BB54-63A21727B733}.Debug|Any CPU.ActiveCfg = Debug|Any CPU
		{9207ED57-009B-4D49-BB54-63A21727B733}.Debug|Any CPU.Build.0 = Debug|Any CPU
		{9207ED57-009B-4D49-BB54-63A21727B733}.Release|Any CPU.ActiveCfg = Release|Any CPU
		{9207ED57-009B-4D49-BB54-63A21727B733}.Release|Any CPU.Build.0 = Release|Any CPU
		{4161305C-41BA-40E2-A928-0266B041C879}.Debug|Any CPU.ActiveCfg = Debug|Any CPU
		{4161305C-41BA-40E2-A928-0266B041C879}.Debug|Any CPU.Build.0 = Debug|Any CPU
		{4161305C-41BA-40E2-A928-0266B041C879}.Release|Any CPU.ActiveCfg = Release|Any CPU
		{4161305C-41BA-40E2-A928-0266B041C879}.Release|Any CPU.Build.0 = Release|Any CPU
		{00F84120-FE65-412E-B6FC-DA3059314FF7}.Debug|Any CPU.ActiveCfg = Debug|Any CPU
		{00F84120-FE65-412E-B6FC-DA3059314FF7}.Debug|Any CPU.Build.0 = Debug|Any CPU
		{00F84120-FE65-412E-B6FC-DA3059314FF7}.Release|Any CPU.ActiveCfg = Release|Any CPU
		{00F84120-FE65-412E-B6FC-DA3059314FF7}.Release|Any CPU.Build.0 = Release|Any CPU
		{2A4A3C3C-B6D7-44F3-8D1C-85398BE37A78}.Debug|Any CPU.ActiveCfg = Debug|Any CPU
		{2A4A3C3C-B6D7-44F3-8D1C-85398BE37A78}.Debug|Any CPU.Build.0 = Debug|Any CPU
		{2A4A3C3C-B6D7-44F3-8D1C-85398BE37A78}.Release|Any CPU.ActiveCfg = Release|Any CPU
		{2A4A3C3C-B6D7-44F3-8D1C-85398BE37A78}.Release|Any CPU.Build.0 = Release|Any CPU
		{8597D8F5-4314-4B3A-9739-F17BBB17A7EF}.Debug|Any CPU.ActiveCfg = Debug|Any CPU
		{8597D8F5-4314-4B3A-9739-F17BBB17A7EF}.Debug|Any CPU.Build.0 = Debug|Any CPU
		{8597D8F5-4314-4B3A-9739-F17BBB17A7EF}.Release|Any CPU.ActiveCfg = Release|Any CPU
		{8597D8F5-4314-4B3A-9739-F17BBB17A7EF}.Release|Any CPU.Build.0 = Release|Any CPU
		{4B0858C3-6996-4C49-AA8E-2FAA38B5A6DF}.Debug|Any CPU.ActiveCfg = Debug|Any CPU
		{4B0858C3-6996-4C49-AA8E-2FAA38B5A6DF}.Debug|Any CPU.Build.0 = Debug|Any CPU
		{4B0858C3-6996-4C49-AA8E-2FAA38B5A6DF}.Release|Any CPU.ActiveCfg = Release|Any CPU
		{4B0858C3-6996-4C49-AA8E-2FAA38B5A6DF}.Release|Any CPU.Build.0 = Release|Any CPU
	EndGlobalSection
	GlobalSection(SolutionProperties) = preSolution
		HideSolutionNode = FALSE
	EndGlobalSection
	GlobalSection(ExtensibilityGlobals) = postSolution
		SolutionGuid = {0C6C5861-AADA-4EBB-82B2-3581320E9704}
	EndGlobalSection
EndGlobal
