
Microsoft Visual Studio Solution File, Format Version 12.00
# Visual Studio Version 17
VisualStudioVersion = 17.3.32922.545
MinimumVisualStudioVersion = 10.0.40219.1
Project("{FAE04EC0-301F-11D3-BF4B-00C04F79EFBC}") = "MethodOverloadingSample001", "MethodOverloadingSample001\MethodOverloadingSample001.csproj", "{9F419BE6-4330-432E-A759-C51CA63BD41B}"
EndProject
Global
	GlobalSection(SolutionConfigurationPlatforms) = preSolution
		Debug|Any CPU = Debug|Any CPU
		Release|Any CPU = Release|Any CPU
	EndGlobalSection
	GlobalSection(ProjectConfigurationPlatforms) = postSolution
		{9F419BE6-4330-432E-A759-C51CA63BD41B}.Debug|Any CPU.ActiveCfg = Debug|Any CPU
		{9F419BE6-4330-432E-A759-C51CA63BD41B}.Debug|Any CPU.Build.0 = Debug|Any CPU
		{9F419BE6-4330-432E-A759-C51CA63BD41B}.Release|Any CPU.ActiveCfg = Release|Any CPU
		{9F419BE6-4330-432E-A759-C51CA63BD41B}.Release|Any CPU.Build.0 = Release|Any CPU
	EndGlobalSection
	GlobalSection(SolutionProperties) = preSolution
		HideSolutionNode = FALSE
	EndGlobalSection
	GlobalSection(ExtensibilityGlobals) = postSolution
		SolutionGuid = {EC8D9DF4-4F1F-4DAC-B3DD-45DC797265DB}
	EndGlobalSection
EndGlobal
