
Microsoft Visual Studio Solution File, Format Version 12.00
# Visual Studio Version 17
VisualStudioVersion = 17.3.32922.545
MinimumVisualStudioVersion = 10.0.40219.1
Project("{FAE04EC0-301F-11D3-BF4B-00C04F79EFBC}") = "BreakSample", "BreakSample\BreakSample.csproj", "{FD97A853-678B-4F42-A4E5-725B44BF5682}"
EndProject
Project("{FAE04EC0-301F-11D3-BF4B-00C04F79EFBC}") = "ContinueSample", "ContinueSample\ContinueSample.csproj", "{B425BC06-6BD8-4F0E-8EA9-98825C5CD1AF}"
EndProject
Project("{FAE04EC0-301F-11D3-BF4B-00C04F79EFBC}") = "ReturnSample002", "ReturnSample002\ReturnSample002.csproj", "{E258BA00-B0B6-44C7-B713-B9B8606EF777}"
EndProject
Global
	GlobalSection(SolutionConfigurationPlatforms) = preSolution
		Debug|Any CPU = Debug|Any CPU
		Release|Any CPU = Release|Any CPU
	EndGlobalSection
	GlobalSection(ProjectConfigurationPlatforms) = postSolution
		{FD97A853-678B-4F42-A4E5-725B44BF5682}.Debug|Any CPU.ActiveCfg = Debug|Any CPU
		{FD97A853-678B-4F42-A4E5-725B44BF5682}.Debug|Any CPU.Build.0 = Debug|Any CPU
		{FD97A853-678B-4F42-A4E5-725B44BF5682}.Release|Any CPU.ActiveCfg = Release|Any CPU
		{FD97A853-678B-4F42-A4E5-725B44BF5682}.Release|Any CPU.Build.0 = Release|Any CPU
		{B425BC06-6BD8-4F0E-8EA9-98825C5CD1AF}.Debug|Any CPU.ActiveCfg = Debug|Any CPU
		{B425BC06-6BD8-4F0E-8EA9-98825C5CD1AF}.Debug|Any CPU.Build.0 = Debug|Any CPU
		{B425BC06-6BD8-4F0E-8EA9-98825C5CD1AF}.Release|Any CPU.ActiveCfg = Release|Any CPU
		{B425BC06-6BD8-4F0E-8EA9-98825C5CD1AF}.Release|Any CPU.Build.0 = Release|Any CPU
		{E258BA00-B0B6-44C7-B713-B9B8606EF777}.Debug|Any CPU.ActiveCfg = Debug|Any CPU
		{E258BA00-B0B6-44C7-B713-B9B8606EF777}.Debug|Any CPU.Build.0 = Debug|Any CPU
		{E258BA00-B0B6-44C7-B713-B9B8606EF777}.Release|Any CPU.ActiveCfg = Release|Any CPU
		{E258BA00-B0B6-44C7-B713-B9B8606EF777}.Release|Any CPU.Build.0 = Release|Any CPU
	EndGlobalSection
	GlobalSection(SolutionProperties) = preSolution
		HideSolutionNode = FALSE
	EndGlobalSection
	GlobalSection(ExtensibilityGlobals) = postSolution
		SolutionGuid = {2E820648-683C-401A-A150-D493EC562A19}
	EndGlobalSection
EndGlobal
