
Microsoft Visual Studio Solution File, Format Version 12.00
# Visual Studio Version 17
VisualStudioVersion = 17.3.32922.545
MinimumVisualStudioVersion = 10.0.40219.1
Project("{FAE04EC0-301F-11D3-BF4B-00C04F79EFBC}") = "CSharpLinqLab", "CSharpLinqLab\CSharpLinqLab.csproj", "{C07FD770-E1B2-4C0D-B024-1CAE59CA2A1A}"
EndProject
Global
	GlobalSection(SolutionConfigurationPlatforms) = preSolution
		Debug|Any CPU = Debug|Any CPU
		Release|Any CPU = Release|Any CPU
	EndGlobalSection
	GlobalSection(ProjectConfigurationPlatforms) = postSolution
		{C07FD770-E1B2-4C0D-B024-1CAE59CA2A1A}.Debug|Any CPU.ActiveCfg = Debug|Any CPU
		{C07FD770-E1B2-4C0D-B024-1CAE59CA2A1A}.Debug|Any CPU.Build.0 = Debug|Any CPU
		{C07FD770-E1B2-4C0D-B024-1CAE59CA2A1A}.Release|Any CPU.ActiveCfg = Release|Any CPU
		{C07FD770-E1B2-4C0D-B024-1CAE59CA2A1A}.Release|Any CPU.Build.0 = Release|Any CPU
	EndGlobalSection
	GlobalSection(SolutionProperties) = preSolution
		HideSolutionNode = FALSE
	EndGlobalSection
	GlobalSection(ExtensibilityGlobals) = postSolution
		SolutionGuid = {4602EB86-D77C-4A18-86B2-1F4BA59B5D4C}
	EndGlobalSection
EndGlobal
