
Microsoft Visual Studio Solution File, Format Version 12.00
# Visual Studio Version 17
VisualStudioVersion = 17.3.32922.545
MinimumVisualStudioVersion = 10.0.40219.1
Project("{FAE04EC0-301F-11D3-BF4B-00C04F79EFBC}") = "練習Math的方法", "練習Math的方法\練習Math的方法.csproj", "{1D2028B2-F453-47D2-9529-1A34687FEF45}"
EndProject
Project("{FAE04EC0-301F-11D3-BF4B-00C04F79EFBC}") = "終極密碼", "終極密碼\終極密碼.csproj", "{6FC254FA-F29D-49DD-92BA-16AD1FC997BB}"
EndProject
Project("{FAE04EC0-301F-11D3-BF4B-00C04F79EFBC}") = "設計圓形類別（★）", "設計圓形類別（★）\設計圓形類別（★）.csproj", "{6B311E48-213C-4A10-8987-A97E3E05641F}"
EndProject
Project("{FAE04EC0-301F-11D3-BF4B-00C04F79EFBC}") = "矩形計算問題", "矩形計算問題\矩形計算問題.csproj", "{6910262A-06B0-4ACD-A263-54F223FFA99A}"
EndProject
Project("{FAE04EC0-301F-11D3-BF4B-00C04F79EFBC}") = "角色對戰", "角色對戰\角色對戰.csproj", "{91E06DA7-4088-4E3D-80AA-9B6D42C59F34}"
EndProject
Project("{FAE04EC0-301F-11D3-BF4B-00C04F79EFBC}") = "角色對戰（★★★）", "角色對戰（★★★）\角色對戰（★★★）.csproj", "{81D7D443-8EB1-4D89-BB22-AC58AAE99140}"
EndProject
Global
	GlobalSection(SolutionConfigurationPlatforms) = preSolution
		Debug|Any CPU = Debug|Any CPU
		Release|Any CPU = Release|Any CPU
	EndGlobalSection
	GlobalSection(ProjectConfigurationPlatforms) = postSolution
		{1D2028B2-F453-47D2-9529-1A34687FEF45}.Debug|Any CPU.ActiveCfg = Debug|Any CPU
		{1D2028B2-F453-47D2-9529-1A34687FEF45}.Debug|Any CPU.Build.0 = Debug|Any CPU
		{1D2028B2-F453-47D2-9529-1A34687FEF45}.Release|Any CPU.ActiveCfg = Release|Any CPU
		{1D2028B2-F453-47D2-9529-1A34687FEF45}.Release|Any CPU.Build.0 = Release|Any CPU
		{6FC254FA-F29D-49DD-92BA-16AD1FC997BB}.Debug|Any CPU.ActiveCfg = Debug|Any CPU
		{6FC254FA-F29D-49DD-92BA-16AD1FC997BB}.Debug|Any CPU.Build.0 = Debug|Any CPU
		{6FC254FA-F29D-49DD-92BA-16AD1FC997BB}.Release|Any CPU.ActiveCfg = Release|Any CPU
		{6FC254FA-F29D-49DD-92BA-16AD1FC997BB}.Release|Any CPU.Build.0 = Release|Any CPU
		{6B311E48-213C-4A10-8987-A97E3E05641F}.Debug|Any CPU.ActiveCfg = Debug|Any CPU
		{6B311E48-213C-4A10-8987-A97E3E05641F}.Debug|Any CPU.Build.0 = Debug|Any CPU
		{6B311E48-213C-4A10-8987-A97E3E05641F}.Release|Any CPU.ActiveCfg = Release|Any CPU
		{6B311E48-213C-4A10-8987-A97E3E05641F}.Release|Any CPU.Build.0 = Release|Any CPU
		{6910262A-06B0-4ACD-A263-54F223FFA99A}.Debug|Any CPU.ActiveCfg = Debug|Any CPU
		{6910262A-06B0-4ACD-A263-54F223FFA99A}.Debug|Any CPU.Build.0 = Debug|Any CPU
		{6910262A-06B0-4ACD-A263-54F223FFA99A}.Release|Any CPU.ActiveCfg = Release|Any CPU
		{6910262A-06B0-4ACD-A263-54F223FFA99A}.Release|Any CPU.Build.0 = Release|Any CPU
		{91E06DA7-4088-4E3D-80AA-9B6D42C59F34}.Debug|Any CPU.ActiveCfg = Debug|Any CPU
		{91E06DA7-4088-4E3D-80AA-9B6D42C59F34}.Debug|Any CPU.Build.0 = Debug|Any CPU
		{91E06DA7-4088-4E3D-80AA-9B6D42C59F34}.Release|Any CPU.ActiveCfg = Release|Any CPU
		{91E06DA7-4088-4E3D-80AA-9B6D42C59F34}.Release|Any CPU.Build.0 = Release|Any CPU
		{81D7D443-8EB1-4D89-BB22-AC58AAE99140}.Debug|Any CPU.ActiveCfg = Debug|Any CPU
		{81D7D443-8EB1-4D89-BB22-AC58AAE99140}.Debug|Any CPU.Build.0 = Debug|Any CPU
		{81D7D443-8EB1-4D89-BB22-AC58AAE99140}.Release|Any CPU.ActiveCfg = Release|Any CPU
		{81D7D443-8EB1-4D89-BB22-AC58AAE99140}.Release|Any CPU.Build.0 = Release|Any CPU
	EndGlobalSection
	GlobalSection(SolutionProperties) = preSolution
		HideSolutionNode = FALSE
	EndGlobalSection
	GlobalSection(ExtensibilityGlobals) = postSolution
		SolutionGuid = {B4EA66D0-6D5C-4A9A-99C1-99469F3D8E7F}
	EndGlobalSection
EndGlobal
