
Microsoft Visual Studio Solution File, Format Version 12.00
# Visual Studio Version 17
VisualStudioVersion = 17.4.33213.308
MinimumVisualStudioVersion = 10.0.40219.1
Project("{FAE04EC0-301F-11D3-BF4B-00C04F79EFBC}") = "Object", "Object\Object.csproj", "{75B39B19-290B-4CC4-ADFF-93AC068DFE95}"
EndProject
Global
	GlobalSection(SolutionConfigurationPlatforms) = preSolution
		Debug|Any CPU = Debug|Any CPU
		Release|Any CPU = Release|Any CPU
	EndGlobalSection
	GlobalSection(ProjectConfigurationPlatforms) = postSolution
		{75B39B19-290B-4CC4-ADFF-93AC068DFE95}.Debug|Any CPU.ActiveCfg = Debug|Any CPU
		{75B39B19-290B-4CC4-ADFF-93AC068DFE95}.Debug|Any CPU.Build.0 = Debug|Any CPU
		{75B39B19-290B-4CC4-ADFF-93AC068DFE95}.Release|Any CPU.ActiveCfg = Release|Any CPU
		{75B39B19-290B-4CC4-ADFF-93AC068DFE95}.Release|Any CPU.Build.0 = Release|Any CPU
	EndGlobalSection
	GlobalSection(SolutionProperties) = preSolution
		HideSolutionNode = FALSE
	EndGlobalSection
	GlobalSection(ExtensibilityGlobals) = postSolution
		SolutionGuid = {A0B9C265-605E-41A5-B80B-0775F22C0B02}
	EndGlobalSection
EndGlobal
