
Microsoft Visual Studio Solution File, Format Version 12.00
# Visual Studio Version 17
VisualStudioVersion = 17.3.32922.545
MinimumVisualStudioVersion = 10.0.40219.1
Project("{FAE04EC0-301F-11D3-BF4B-00C04F79EFBC}") = "HomeWork1", "HomeWork1\HomeWork1.csproj", "{F321843B-18D6-4CB0-9C0C-EEB823FEF367}"
EndProject
Project("{FAE04EC0-301F-11D3-BF4B-00C04F79EFBC}") = "HomeWork2", "HomeWork2\HomeWork2.csproj", "{C8B65325-9A41-4FAE-B45E-7766F59FD924}"
EndProject
Project("{FAE04EC0-301F-11D3-BF4B-00C04F79EFBC}") = "HomeWork3", "HomeWork3\HomeWork3.csproj", "{C7F74FB8-A5B3-4404-B098-D688F401905F}"
EndProject
Global
	GlobalSection(SolutionConfigurationPlatforms) = preSolution
		Debug|Any CPU = Debug|Any CPU
		Release|Any CPU = Release|Any CPU
	EndGlobalSection
	GlobalSection(ProjectConfigurationPlatforms) = postSolution
		{F321843B-18D6-4CB0-9C0C-EEB823FEF367}.Debug|Any CPU.ActiveCfg = Debug|Any CPU
		{F321843B-18D6-4CB0-9C0C-EEB823FEF367}.Debug|Any CPU.Build.0 = Debug|Any CPU
		{F321843B-18D6-4CB0-9C0C-EEB823FEF367}.Release|Any CPU.ActiveCfg = Release|Any CPU
		{F321843B-18D6-4CB0-9C0C-EEB823FEF367}.Release|Any CPU.Build.0 = Release|Any CPU
		{C8B65325-9A41-4FAE-B45E-7766F59FD924}.Debug|Any CPU.ActiveCfg = Debug|Any CPU
		{C8B65325-9A41-4FAE-B45E-7766F59FD924}.Debug|Any CPU.Build.0 = Debug|Any CPU
		{C8B65325-9A41-4FAE-B45E-7766F59FD924}.Release|Any CPU.ActiveCfg = Release|Any CPU
		{C8B65325-9A41-4FAE-B45E-7766F59FD924}.Release|Any CPU.Build.0 = Release|Any CPU
		{C7F74FB8-A5B3-4404-B098-D688F401905F}.Debug|Any CPU.ActiveCfg = Debug|Any CPU
		{C7F74FB8-A5B3-4404-B098-D688F401905F}.Debug|Any CPU.Build.0 = Debug|Any CPU
		{C7F74FB8-A5B3-4404-B098-D688F401905F}.Release|Any CPU.ActiveCfg = Release|Any CPU
		{C7F74FB8-A5B3-4404-B098-D688F401905F}.Release|Any CPU.Build.0 = Release|Any CPU
	EndGlobalSection
	GlobalSection(SolutionProperties) = preSolution
		HideSolutionNode = FALSE
	EndGlobalSection
	GlobalSection(ExtensibilityGlobals) = postSolution
		SolutionGuid = {A5F070A9-7CFA-4265-88D8-BF0EA48DE587}
	EndGlobalSection
EndGlobal
