
Microsoft Visual Studio Solution File, Format Version 12.00
# Visual Studio Version 17
VisualStudioVersion = 17.4.33213.308
MinimumVisualStudioVersion = 10.0.40219.1
Project("{FAE04EC0-301F-11D3-BF4B-00C04F79EFBC}") = "Mvc7_FirstMVC", "Mvc7_FirstMVC\Mvc7_FirstMVC.csproj", "{8798843A-C79B-438A-93A7-5A7A2EC745AA}"
EndProject
Global
	GlobalSection(SolutionConfigurationPlatforms) = preSolution
		Debug|Any CPU = Debug|Any CPU
		Release|Any CPU = Release|Any CPU
	EndGlobalSection
	GlobalSection(ProjectConfigurationPlatforms) = postSolution
		{8798843A-C79B-438A-93A7-5A7A2EC745AA}.Debug|Any CPU.ActiveCfg = Debug|Any CPU
		{8798843A-C79B-438A-93A7-5A7A2EC745AA}.Debug|Any CPU.Build.0 = Debug|Any CPU
		{8798843A-C79B-438A-93A7-5A7A2EC745AA}.Release|Any CPU.ActiveCfg = Release|Any CPU
		{8798843A-C79B-438A-93A7-5A7A2EC745AA}.Release|Any CPU.Build.0 = Release|Any CPU
	EndGlobalSection
	GlobalSection(SolutionProperties) = preSolution
		HideSolutionNode = FALSE
	EndGlobalSection
	GlobalSection(ExtensibilityGlobals) = postSolution
		SolutionGuid = {14093F41-E1E2-467F-8F4C-AAB68874ECBA}
	EndGlobalSection
EndGlobal
