
Microsoft Visual Studio Solution File, Format Version 12.00
# Visual Studio Version 17
VisualStudioVersion = 17.3.32922.545
MinimumVisualStudioVersion = 10.0.40219.1
Project("{FAE04EC0-301F-11D3-BF4B-00C04F79EFBC}") = "MyFirstApp", "MyFirstApp\MyFirstApp.csproj", "{B138DCDE-2267-4B7B-ABD6-F87BEE7F4310}"
EndProject
Project("{FAE04EC0-301F-11D3-BF4B-00C04F79EFBC}") = "ReadThenDisplay", "ReadThenDisplay\ReadThenDisplay.csproj", "{FEECBC28-774C-459C-8ECA-2400DD909611}"
EndProject
Project("{FAE04EC0-301F-11D3-BF4B-00C04F79EFBC}") = "ConditionDisplay", "ConditionDisplay\ConditionDisplay.csproj", "{A6391E45-0157-4AED-8937-D5FE80E406B0}"
EndProject
Project("{FAE04EC0-301F-11D3-BF4B-00C04F79EFBC}") = "SwitchDisplay", "SwitchDisplay\SwitchDisplay.csproj", "{2EE45B55-3624-49D2-8947-38F12B74BA03}"
EndProject
Global
	GlobalSection(SolutionConfigurationPlatforms) = preSolution
		Debug|Any CPU = Debug|Any CPU
		Release|Any CPU = Release|Any CPU
	EndGlobalSection
	GlobalSection(ProjectConfigurationPlatforms) = postSolution
		{B138DCDE-2267-4B7B-ABD6-F87BEE7F4310}.Debug|Any CPU.ActiveCfg = Debug|Any CPU
		{B138DCDE-2267-4B7B-ABD6-F87BEE7F4310}.Debug|Any CPU.Build.0 = Debug|Any CPU
		{B138DCDE-2267-4B7B-ABD6-F87BEE7F4310}.Release|Any CPU.ActiveCfg = Release|Any CPU
		{B138DCDE-2267-4B7B-ABD6-F87BEE7F4310}.Release|Any CPU.Build.0 = Release|Any CPU
		{FEECBC28-774C-459C-8ECA-2400DD909611}.Debug|Any CPU.ActiveCfg = Debug|Any CPU
		{FEECBC28-774C-459C-8ECA-2400DD909611}.Debug|Any CPU.Build.0 = Debug|Any CPU
		{FEECBC28-774C-459C-8ECA-2400DD909611}.Release|Any CPU.ActiveCfg = Release|Any CPU
		{FEECBC28-774C-459C-8ECA-2400DD909611}.Release|Any CPU.Build.0 = Release|Any CPU
		{A6391E45-0157-4AED-8937-D5FE80E406B0}.Debug|Any CPU.ActiveCfg = Debug|Any CPU
		{A6391E45-0157-4AED-8937-D5FE80E406B0}.Debug|Any CPU.Build.0 = Debug|Any CPU
		{A6391E45-0157-4AED-8937-D5FE80E406B0}.Release|Any CPU.ActiveCfg = Release|Any CPU
		{A6391E45-0157-4AED-8937-D5FE80E406B0}.Release|Any CPU.Build.0 = Release|Any CPU
		{2EE45B55-3624-49D2-8947-38F12B74BA03}.Debug|Any CPU.ActiveCfg = Debug|Any CPU
		{2EE45B55-3624-49D2-8947-38F12B74BA03}.Debug|Any CPU.Build.0 = Debug|Any CPU
		{2EE45B55-3624-49D2-8947-38F12B74BA03}.Release|Any CPU.ActiveCfg = Release|Any CPU
		{2EE45B55-3624-49D2-8947-38F12B74BA03}.Release|Any CPU.Build.0 = Release|Any CPU
	EndGlobalSection
	GlobalSection(SolutionProperties) = preSolution
		HideSolutionNode = FALSE
	EndGlobalSection
	GlobalSection(ExtensibilityGlobals) = postSolution
		SolutionGuid = {EDB39BF6-4131-4C7A-9409-A7A40C050F1B}
	EndGlobalSection
EndGlobal
