
Microsoft Visual Studio Solution File, Format Version 12.00
# Visual Studio Version 17
VisualStudioVersion = 17.3.32922.545
MinimumVisualStudioVersion = 10.0.40219.1
Project("{FAE04EC0-301F-11D3-BF4B-00C04F79EFBC}") = "EventSample001", "EventSample001\EventSample001.csproj", "{959F7AB4-406F-4E3C-BC58-3934148CE252}"
EndProject
Global
	GlobalSection(SolutionConfigurationPlatforms) = preSolution
		Debug|Any CPU = Debug|Any CPU
		Release|Any CPU = Release|Any CPU
	EndGlobalSection
	GlobalSection(ProjectConfigurationPlatforms) = postSolution
		{959F7AB4-406F-4E3C-BC58-3934148CE252}.Debug|Any CPU.ActiveCfg = Debug|Any CPU
		{959F7AB4-406F-4E3C-BC58-3934148CE252}.Debug|Any CPU.Build.0 = Debug|Any CPU
		{959F7AB4-406F-4E3C-BC58-3934148CE252}.Release|Any CPU.ActiveCfg = Release|Any CPU
		{959F7AB4-406F-4E3C-BC58-3934148CE252}.Release|Any CPU.Build.0 = Release|Any CPU
	EndGlobalSection
	GlobalSection(SolutionProperties) = preSolution
		HideSolutionNode = FALSE
	EndGlobalSection
	GlobalSection(ExtensibilityGlobals) = postSolution
		SolutionGuid = {6D83E9B7-51B0-415D-AFA2-18922EDAE7B0}
	EndGlobalSection
EndGlobal
